
Microsoft Visual Studio Solution File, Format Version 12.00
# Visual Studio 15
VisualStudioVersion = 15.0.28307.271
MinimumVisualStudioVersion = 10.0.40219.1
Project("{FAE04EC0-301F-11D3-BF4B-00C04F79EFBC}") = "GitProject", "GitProject\GitProject.csproj", "{C3DD3EB4-3FE1-46B3-8C2F-A143A11A89BD}"
EndProject
Global
	GlobalSection(SolutionConfigurationPlatforms) = preSolution
		Debug|Any CPU = Debug|Any CPU
		Release|Any CPU = Release|Any CPU
	EndGlobalSection
	GlobalSection(ProjectConfigurationPlatforms) = postSolution
		{C3DD3EB4-3FE1-46B3-8C2F-A143A11A89BD}.Debug|Any CPU.ActiveCfg = Debug|Any CPU
		{C3DD3EB4-3FE1-46B3-8C2F-A143A11A89BD}.Debug|Any CPU.Build.0 = Debug|Any CPU
		{C3DD3EB4-3FE1-46B3-8C2F-A143A11A89BD}.Release|Any CPU.ActiveCfg = Release|Any CPU
		{C3DD3EB4-3FE1-46B3-8C2F-A143A11A89BD}.Release|Any CPU.Build.0 = Release|Any CPU
	EndGlobalSection
	GlobalSection(SolutionProperties) = preSolution
		HideSolutionNode = FALSE
	EndGlobalSection
	GlobalSection(ExtensibilityGlobals) = postSolution
		SolutionGuid = {C82811F9-4407-41CE-AD29-8BE6071B80D4}
	EndGlobalSection
EndGlobal
